
Microsoft Visual Studio Solution File, Format Version 12.00
# Visual Studio Version 16
VisualStudioVersion = 16.0.30907.101
MinimumVisualStudioVersion = 15.0.26124.0
Project("{9A19103F-16F7-4668-BE54-9A1E7A4F7556}") = "MicCheck.Data", "MicCheck.Data\MicCheck.Data.csproj", "{2510FF99-C90B-41E0-92CC-831CB0357FB0}"
EndProject
Project("{9A19103F-16F7-4668-BE54-9A1E7A4F7556}") = "MicCheck.API", "MicCheck.API\MicCheck.API.csproj", "{2A628C5F-69F3-425E-B5CB-8CBA9A69854E}"
EndProject
Project("{9A19103F-16F7-4668-BE54-9A1E7A4F7556}") = "MicCheck.Web", "MicCheck.Web\MicCheck.Web.csproj", "{6EACC748-1DDD-49AE-9838-C6327C84F4EB}"
EndProject
Project("{9A19103F-16F7-4668-BE54-9A1E7A4F7556}") = "MicCheck.Shared", "MicCheck.Shared\MicCheck.Shared.csproj", "{CF4C2776-77A9-4F9A-8E86-3028229528E6}"
EndProject
Project("{FAE04EC0-301F-11D3-BF4B-00C04F79EFBC}") = "MicCheck.Mobile.Android", "MicCheck.Mobile\MicCheck.Mobile.Android\MicCheck.Mobile.Android.csproj", "{7A964793-BBA4-481B-9936-A1BAE10B6627}"
EndProject
Project("{FAE04EC0-301F-11D3-BF4B-00C04F79EFBC}") = "MicCheck.Mobile.iOS", "MicCheck.Mobile\MicCheck.Mobile.iOS\MicCheck.Mobile.iOS.csproj", "{B1029FDC-D713-4C93-A2F2-E72398D7D992}"
EndProject
Project("{FAE04EC0-301F-11D3-BF4B-00C04F79EFBC}") = "MicCheck.Mobile", "MicCheck.Mobile\MicCheck.Mobile\MicCheck.Mobile.csproj", "{F6262E90-9225-46D8-A6BA-3260868078E7}"
EndProject
Global
	GlobalSection(SolutionConfigurationPlatforms) = preSolution
		Debug|Any CPU = Debug|Any CPU
		Debug|iPhone = Debug|iPhone
		Debug|iPhoneSimulator = Debug|iPhoneSimulator
		Debug|x64 = Debug|x64
		Debug|x86 = Debug|x86
		Release|Any CPU = Release|Any CPU
		Release|iPhone = Release|iPhone
		Release|iPhoneSimulator = Release|iPhoneSimulator
		Release|x64 = Release|x64
		Release|x86 = Release|x86
	EndGlobalSection
	GlobalSection(ProjectConfigurationPlatforms) = postSolution
		{2510FF99-C90B-41E0-92CC-831CB0357FB0}.Debug|Any CPU.ActiveCfg = Debug|Any CPU
		{2510FF99-C90B-41E0-92CC-831CB0357FB0}.Debug|Any CPU.Build.0 = Debug|Any CPU
		{2510FF99-C90B-41E0-92CC-831CB0357FB0}.Debug|iPhone.ActiveCfg = Debug|Any CPU
		{2510FF99-C90B-41E0-92CC-831CB0357FB0}.Debug|iPhone.Build.0 = Debug|Any CPU
		{2510FF99-C90B-41E0-92CC-831CB0357FB0}.Debug|iPhoneSimulator.ActiveCfg = Debug|Any CPU
		{2510FF99-C90B-41E0-92CC-831CB0357FB0}.Debug|iPhoneSimulator.Build.0 = Debug|Any CPU
		{2510FF99-C90B-41E0-92CC-831CB0357FB0}.Debug|x64.ActiveCfg = Debug|Any CPU
		{2510FF99-C90B-41E0-92CC-831CB0357FB0}.Debug|x64.Build.0 = Debug|Any CPU
		{2510FF99-C90B-41E0-92CC-831CB0357FB0}.Debug|x86.ActiveCfg = Debug|Any CPU
		{2510FF99-C90B-41E0-92CC-831CB0357FB0}.Debug|x86.Build.0 = Debug|Any CPU
		{2510FF99-C90B-41E0-92CC-831CB0357FB0}.Release|Any CPU.ActiveCfg = Release|Any CPU
		{2510FF99-C90B-41E0-92CC-831CB0357FB0}.Release|Any CPU.Build.0 = Release|Any CPU
		{2510FF99-C90B-41E0-92CC-831CB0357FB0}.Release|iPhone.ActiveCfg = Release|Any CPU
		{2510FF99-C90B-41E0-92CC-831CB0357FB0}.Release|iPhone.Build.0 = Release|Any CPU
		{2510FF99-C90B-41E0-92CC-831CB0357FB0}.Release|iPhoneSimulator.ActiveCfg = Release|Any CPU
		{2510FF99-C90B-41E0-92CC-831CB0357FB0}.Release|iPhoneSimulator.Build.0 = Release|Any CPU
		{2510FF99-C90B-41E0-92CC-831CB0357FB0}.Release|x64.ActiveCfg = Release|Any CPU
		{2510FF99-C90B-41E0-92CC-831CB0357FB0}.Release|x64.Build.0 = Release|Any CPU
		{2510FF99-C90B-41E0-92CC-831CB0357FB0}.Release|x86.ActiveCfg = Release|Any CPU
		{2510FF99-C90B-41E0-92CC-831CB0357FB0}.Release|x86.Build.0 = Release|Any CPU
		{2A628C5F-69F3-425E-B5CB-8CBA9A69854E}.Debug|Any CPU.ActiveCfg = Debug|Any CPU
		{2A628C5F-69F3-425E-B5CB-8CBA9A69854E}.Debug|Any CPU.Build.0 = Debug|Any CPU
		{2A628C5F-69F3-425E-B5CB-8CBA9A69854E}.Debug|iPhone.ActiveCfg = Debug|Any CPU
		{2A628C5F-69F3-425E-B5CB-8CBA9A69854E}.Debug|iPhone.Build.0 = Debug|Any CPU
		{2A628C5F-69F3-425E-B5CB-8CBA9A69854E}.Debug|iPhoneSimulator.ActiveCfg = Debug|Any CPU
		{2A628C5F-69F3-425E-B5CB-8CBA9A69854E}.Debug|iPhoneSimulator.Build.0 = Debug|Any CPU
		{2A628C5F-69F3-425E-B5CB-8CBA9A69854E}.Debug|x64.ActiveCfg = Debug|Any CPU
		{2A628C5F-69F3-425E-B5CB-8CBA9A69854E}.Debug|x64.Build.0 = Debug|Any CPU
		{2A628C5F-69F3-425E-B5CB-8CBA9A69854E}.Debug|x86.ActiveCfg = Debug|Any CPU
		{2A628C5F-69F3-425E-B5CB-8CBA9A69854E}.Debug|x86.Build.0 = Debug|Any CPU
		{2A628C5F-69F3-425E-B5CB-8CBA9A69854E}.Release|Any CPU.ActiveCfg = Release|Any CPU
		{2A628C5F-69F3-425E-B5CB-8CBA9A69854E}.Release|Any CPU.Build.0 = Release|Any CPU
		{2A628C5F-69F3-425E-B5CB-8CBA9A69854E}.Release|iPhone.ActiveCfg = Release|Any CPU
		{2A628C5F-69F3-425E-B5CB-8CBA9A69854E}.Release|iPhone.Build.0 = Release|Any CPU
		{2A628C5F-69F3-425E-B5CB-8CBA9A69854E}.Release|iPhoneSimulator.ActiveCfg = Release|Any CPU
		{2A628C5F-69F3-425E-B5CB-8CBA9A69854E}.Release|iPhoneSimulator.Build.0 = Release|Any CPU
		{2A628C5F-69F3-425E-B5CB-8CBA9A69854E}.Release|x64.ActiveCfg = Release|Any CPU
		{2A628C5F-69F3-425E-B5CB-8CBA9A69854E}.Release|x64.Build.0 = Release|Any CPU
		{2A628C5F-69F3-425E-B5CB-8CBA9A69854E}.Release|x86.ActiveCfg = Release|Any CPU
		{2A628C5F-69F3-425E-B5CB-8CBA9A69854E}.Release|x86.Build.0 = Release|Any CPU
		{6EACC748-1DDD-49AE-9838-C6327C84F4EB}.Debug|Any CPU.ActiveCfg = Debug|Any CPU
		{6EACC748-1DDD-49AE-9838-C6327C84F4EB}.Debug|Any CPU.Build.0 = Debug|Any CPU
		{6EACC748-1DDD-49AE-9838-C6327C84F4EB}.Debug|iPhone.ActiveCfg = Debug|Any CPU
		{6EACC748-1DDD-49AE-9838-C6327C84F4EB}.Debug|iPhone.Build.0 = Debug|Any CPU
		{6EACC748-1DDD-49AE-9838-C6327C84F4EB}.Debug|iPhoneSimulator.ActiveCfg = Debug|Any CPU
		{6EACC748-1DDD-49AE-9838-C6327C84F4EB}.Debug|iPhoneSimulator.Build.0 = Debug|Any CPU
		{6EACC748-1DDD-49AE-9838-C6327C84F4EB}.Debug|x64.ActiveCfg = Debug|Any CPU
		{6EACC748-1DDD-49AE-9838-C6327C84F4EB}.Debug|x64.Build.0 = Debug|Any CPU
		{6EACC748-1DDD-49AE-9838-C6327C84F4EB}.Debug|x86.ActiveCfg = Debug|Any CPU
		{6EACC748-1DDD-49AE-9838-C6327C84F4EB}.Debug|x86.Build.0 = Debug|Any CPU
		{6EACC748-1DDD-49AE-9838-C6327C84F4EB}.Release|Any CPU.ActiveCfg = Release|Any CPU
		{6EACC748-1DDD-49AE-9838-C6327C84F4EB}.Release|Any CPU.Build.0 = Release|Any CPU
		{6EACC748-1DDD-49AE-9838-C6327C84F4EB}.Release|iPhone.ActiveCfg = Release|Any CPU
		{6EACC748-1DDD-49AE-9838-C6327C84F4EB}.Release|iPhone.Build.0 = Release|Any CPU
		{6EACC748-1DDD-49AE-9838-C6327C84F4EB}.Release|iPhoneSimulator.ActiveCfg = Release|Any CPU
		{6EACC748-1DDD-49AE-9838-C6327C84F4EB}.Release|iPhoneSimulator.Build.0 = Release|Any CPU
		{6EACC748-1DDD-49AE-9838-C6327C84F4EB}.Release|x64.ActiveCfg = Release|Any CPU
		{6EACC748-1DDD-49AE-9838-C6327C84F4EB}.Release|x64.Build.0 = Release|Any CPU
		{6EACC748-1DDD-49AE-9838-C6327C84F4EB}.Release|x86.ActiveCfg = Release|Any CPU
		{6EACC748-1DDD-49AE-9838-C6327C84F4EB}.Release|x86.Build.0 = Release|Any CPU
		{CF4C2776-77A9-4F9A-8E86-3028229528E6}.Debug|Any CPU.ActiveCfg = Debug|Any CPU
		{CF4C2776-77A9-4F9A-8E86-3028229528E6}.Debug|Any CPU.Build.0 = Debug|Any CPU
		{CF4C2776-77A9-4F9A-8E86-3028229528E6}.Debug|iPhone.ActiveCfg = Debug|Any CPU
		{CF4C2776-77A9-4F9A-8E86-3028229528E6}.Debug|iPhone.Build.0 = Debug|Any CPU
		{CF4C2776-77A9-4F9A-8E86-3028229528E6}.Debug|iPhoneSimulator.ActiveCfg = Debug|Any CPU
		{CF4C2776-77A9-4F9A-8E86-3028229528E6}.Debug|iPhoneSimulator.Build.0 = Debug|Any CPU
		{CF4C2776-77A9-4F9A-8E86-3028229528E6}.Debug|x64.ActiveCfg = Debug|Any CPU
		{CF4C2776-77A9-4F9A-8E86-3028229528E6}.Debug|x64.Build.0 = Debug|Any CPU
		{CF4C2776-77A9-4F9A-8E86-3028229528E6}.Debug|x86.ActiveCfg = Debug|Any CPU
		{CF4C2776-77A9-4F9A-8E86-3028229528E6}.Debug|x86.Build.0 = Debug|Any CPU
		{CF4C2776-77A9-4F9A-8E86-3028229528E6}.Release|Any CPU.ActiveCfg = Release|Any CPU
		{CF4C2776-77A9-4F9A-8E86-3028229528E6}.Release|Any CPU.Build.0 = Release|Any CPU
		{CF4C2776-77A9-4F9A-8E86-3028229528E6}.Release|iPhone.ActiveCfg = Release|Any CPU
		{CF4C2776-77A9-4F9A-8E86-3028229528E6}.Release|iPhone.Build.0 = Release|Any CPU
		{CF4C2776-77A9-4F9A-8E86-3028229528E6}.Release|iPhoneSimulator.ActiveCfg = Release|Any CPU
		{CF4C2776-77A9-4F9A-8E86-3028229528E6}.Release|iPhoneSimulator.Build.0 = Release|Any CPU
		{CF4C2776-77A9-4F9A-8E86-3028229528E6}.Release|x64.ActiveCfg = Release|Any CPU
		{CF4C2776-77A9-4F9A-8E86-3028229528E6}.Release|x64.Build.0 = Release|Any CPU
		{CF4C2776-77A9-4F9A-8E86-3028229528E6}.Release|x86.ActiveCfg = Release|Any CPU
		{CF4C2776-77A9-4F9A-8E86-3028229528E6}.Release|x86.Build.0 = Release|Any CPU
		{7A964793-BBA4-481B-9936-A1BAE10B6627}.Debug|Any CPU.ActiveCfg = Debug|Any CPU
		{7A964793-BBA4-481B-9936-A1BAE10B6627}.Debug|Any CPU.Build.0 = Debug|Any CPU
		{7A964793-BBA4-481B-9936-A1BAE10B6627}.Debug|Any CPU.Deploy.0 = Debug|Any CPU
		{7A964793-BBA4-481B-9936-A1BAE10B6627}.Debug|iPhone.ActiveCfg = Debug|Any CPU
		{7A964793-BBA4-481B-9936-A1BAE10B6627}.Debug|iPhone.Build.0 = Debug|Any CPU
		{7A964793-BBA4-481B-9936-A1BAE10B6627}.Debug|iPhone.Deploy.0 = Debug|Any CPU
		{7A964793-BBA4-481B-9936-A1BAE10B6627}.Debug|iPhoneSimulator.ActiveCfg = Debug|Any CPU
		{7A964793-BBA4-481B-9936-A1BAE10B6627}.Debug|iPhoneSimulator.Build.0 = Debug|Any CPU
		{7A964793-BBA4-481B-9936-A1BAE10B6627}.Debug|iPhoneSimulator.Deploy.0 = Debug|Any CPU
		{7A964793-BBA4-481B-9936-A1BAE10B6627}.Debug|x64.ActiveCfg = Debug|Any CPU
		{7A964793-BBA4-481B-9936-A1BAE10B6627}.Debug|x64.Build.0 = Debug|Any CPU
		{7A964793-BBA4-481B-9936-A1BAE10B6627}.Debug|x64.Deploy.0 = Debug|Any CPU
		{7A964793-BBA4-481B-9936-A1BAE10B6627}.Debug|x86.ActiveCfg = Debug|Any CPU
		{7A964793-BBA4-481B-9936-A1BAE10B6627}.Debug|x86.Build.0 = Debug|Any CPU
		{7A964793-BBA4-481B-9936-A1BAE10B6627}.Debug|x86.Deploy.0 = Debug|Any CPU
		{7A964793-BBA4-481B-9936-A1BAE10B6627}.Release|Any CPU.ActiveCfg = Release|Any CPU
		{7A964793-BBA4-481B-9936-A1BAE10B6627}.Release|Any CPU.Build.0 = Release|Any CPU
		{7A964793-BBA4-481B-9936-A1BAE10B6627}.Release|Any CPU.Deploy.0 = Release|Any CPU
		{7A964793-BBA4-481B-9936-A1BAE10B6627}.Release|iPhone.ActiveCfg = Release|Any CPU
		{7A964793-BBA4-481B-9936-A1BAE10B6627}.Release|iPhone.Build.0 = Release|Any CPU
		{7A964793-BBA4-481B-9936-A1BAE10B6627}.Release|iPhone.Deploy.0 = Release|Any CPU
		{7A964793-BBA4-481B-9936-A1BAE10B6627}.Release|iPhoneSimulator.ActiveCfg = Release|Any CPU
		{7A964793-BBA4-481B-9936-A1BAE10B6627}.Release|iPhoneSimulator.Build.0 = Release|Any CPU
		{7A964793-BBA4-481B-9936-A1BAE10B6627}.Release|iPhoneSimulator.Deploy.0 = Release|Any CPU
		{7A964793-BBA4-481B-9936-A1BAE10B6627}.Release|x64.ActiveCfg = Release|Any CPU
		{7A964793-BBA4-481B-9936-A1BAE10B6627}.Release|x64.Build.0 = Release|Any CPU
		{7A964793-BBA4-481B-9936-A1BAE10B6627}.Release|x64.Deploy.0 = Release|Any CPU
		{7A964793-BBA4-481B-9936-A1BAE10B6627}.Release|x86.ActiveCfg = Release|Any CPU
		{7A964793-BBA4-481B-9936-A1BAE10B6627}.Release|x86.Build.0 = Release|Any CPU
		{7A964793-BBA4-481B-9936-A1BAE10B6627}.Release|x86.Deploy.0 = Release|Any CPU
		{B1029FDC-D713-4C93-A2F2-E72398D7D992}.Debug|Any CPU.ActiveCfg = Debug|iPhoneSimulator
		{B1029FDC-D713-4C93-A2F2-E72398D7D992}.Debug|iPhone.ActiveCfg = Debug|iPhone
		{B1029FDC-D713-4C93-A2F2-E72398D7D992}.Debug|iPhone.Build.0 = Debug|iPhone
		{B1029FDC-D713-4C93-A2F2-E72398D7D992}.Debug|iPhoneSimulator.ActiveCfg = Debug|iPhoneSimulator
		{B1029FDC-D713-4C93-A2F2-E72398D7D992}.Debug|iPhoneSimulator.Build.0 = Debug|iPhoneSimulator
		{B1029FDC-D713-4C93-A2F2-E72398D7D992}.Debug|x64.ActiveCfg = Debug|iPhoneSimulator
		{B1029FDC-D713-4C93-A2F2-E72398D7D992}.Debug|x86.ActiveCfg = Debug|iPhoneSimulator
		{B1029FDC-D713-4C93-A2F2-E72398D7D992}.Release|Any CPU.ActiveCfg = Release|iPhoneSimulator
		{B1029FDC-D713-4C93-A2F2-E72398D7D992}.Release|iPhone.ActiveCfg = Release|iPhone
		{B1029FDC-D713-4C93-A2F2-E72398D7D992}.Release|iPhone.Build.0 = Release|iPhone
		{B1029FDC-D713-4C93-A2F2-E72398D7D992}.Release|iPhoneSimulator.ActiveCfg = Release|iPhoneSimulator
		{B1029FDC-D713-4C93-A2F2-E72398D7D992}.Release|iPhoneSimulator.Build.0 = Release|iPhoneSimulator
		{B1029FDC-D713-4C93-A2F2-E72398D7D992}.Release|x64.ActiveCfg = Release|iPhoneSimulator
		{B1029FDC-D713-4C93-A2F2-E72398D7D992}.Release|x86.ActiveCfg = Release|iPhoneSimulator
		{F6262E90-9225-46D8-A6BA-3260868078E7}.Debug|Any CPU.ActiveCfg = Debug|Any CPU
		{F6262E90-9225-46D8-A6BA-3260868078E7}.Debug|Any CPU.Build.0 = Debug|Any CPU
		{F6262E90-9225-46D8-A6BA-3260868078E7}.Debug|iPhone.ActiveCfg = Debug|Any CPU
		{F6262E90-9225-46D8-A6BA-3260868078E7}.Debug|iPhone.Build.0 = Debug|Any CPU
		{F6262E90-9225-46D8-A6BA-3260868078E7}.Debug|iPhoneSimulator.ActiveCfg = Debug|Any CPU
		{F6262E90-9225-46D8-A6BA-3260868078E7}.Debug|iPhoneSimulator.Build.0 = Debug|Any CPU
		{F6262E90-9225-46D8-A6BA-3260868078E7}.Debug|x64.ActiveCfg = Debug|Any CPU
		{F6262E90-9225-46D8-A6BA-3260868078E7}.Debug|x64.Build.0 = Debug|Any CPU
		{F6262E90-9225-46D8-A6BA-3260868078E7}.Debug|x86.ActiveCfg = Debug|Any CPU
		{F6262E90-9225-46D8-A6BA-3260868078E7}.Debug|x86.Build.0 = Debug|Any CPU
		{F6262E90-9225-46D8-A6BA-3260868078E7}.Release|Any CPU.ActiveCfg = Release|Any CPU
		{F6262E90-9225-46D8-A6BA-3260868078E7}.Release|Any CPU.Build.0 = Release|Any CPU
		{F6262E90-9225-46D8-A6BA-3260868078E7}.Release|iPhone.ActiveCfg = Release|Any CPU
		{F6262E90-9225-46D8-A6BA-3260868078E7}.Release|iPhone.Build.0 = Release|Any CPU
		{F6262E90-9225-46D8-A6BA-3260868078E7}.Release|iPhoneSimulator.ActiveCfg = Release|Any CPU
		{F6262E90-9225-46D8-A6BA-3260868078E7}.Release|iPhoneSimulator.Build.0 = Release|Any CPU
		{F6262E90-9225-46D8-A6BA-3260868078E7}.Release|x64.ActiveCfg = Release|Any CPU
		{F6262E90-9225-46D8-A6BA-3260868078E7}.Release|x64.Build.0 = Release|Any CPU
		{F6262E90-9225-46D8-A6BA-3260868078E7}.Release|x86.ActiveCfg = Release|Any CPU
		{F6262E90-9225-46D8-A6BA-3260868078E7}.Release|x86.Build.0 = Release|Any CPU
	EndGlobalSection
	GlobalSection(SolutionProperties) = preSolution
		HideSolutionNode = FALSE
	EndGlobalSection
	GlobalSection(ExtensibilityGlobals) = postSolution
		SolutionGuid = {7B71EDC4-37AB-4E78-8524-E5093A0905DD}
	EndGlobalSection
EndGlobal
